// !$*UTF8*$!
{
	archiveVersion = 1;
	classes = {
	};
	objectVersion = 48;
	objects = {

/* Begin PBXBuildFile section */
		F7A726A61FE75B8600F54210 /* AppDelegate.m in Sources */ = {isa = PBXBuildFile; fileRef = F7A726A51FE75B8600F54210 /* AppDelegate.m */; };
		F7A726A91FE75B8600F54210 /* ViewController.m in Sources */ = {isa = PBXBuildFile; fileRef = F7A726A81FE75B8600F54210 /* ViewController.m */; };
		F7A726AC1FE75B8600F54210 /* Main.storyboard in Resources */ = {isa = PBXBuildFile; fileRef = F7A726AA1FE75B8600F54210 /* Main.storyboard */; };
		F7A726AE1FE75B8600F54210 /* Assets.xcassets in Resources */ = {isa = PBXBuildFile; fileRef = F7A726AD1FE75B8600F54210 /* Assets.xcassets */; };
		F7A726B11FE75B8600F54210 /* LaunchScreen.storyboard in Resources */ = {isa = PBXBuildFile; fileRef = F7A726AF1FE75B8600F54210 /* LaunchScreen.storyboard */; };
		F7A726B41FE75B8600F54210 /* main.m in Sources */ = {isa = PBXBuildFile; fileRef = F7A726B31FE75B8600F54210 /* main.m */; };
		F7A726BE1FE75B8600F54210 /* ______ViewControllerTests.m in Sources */ = {isa = PBXBuildFile; fileRef = F7A726BD1FE75B8600F54210 /* ______ViewControllerTests.m */; };
		F7A726C91FE75B8600F54210 /* ______ViewControllerUITests.m in Sources */ = {isa = PBXBuildFile; fileRef = F7A726C81FE75B8600F54210 /* ______ViewControllerUITests.m */; };
		F7A726DA1FE75CC700F54210 /* User.m in Sources */ = {isa = PBXBuildFile; fileRef = F7A726D91FE75CC700F54210 /* User.m */; };
		F7A726DD1FE764F700F54210 /* Photo.m in Sources */ = {isa = PBXBuildFile; fileRef = F7A726DC1FE764F700F54210 /* Photo.m */; };
		F7A726E01FE7694000F54210 /* CGStore.m in Sources */ = {isa = PBXBuildFile; fileRef = F7A726DF1FE7694000F54210 /* CGStore.m */; };
		F7A726E21FE76A8C00F54210 /* photodata.bin in Resources */ = {isa = PBXBuildFile; fileRef = F7A726E11FE76A8B00F54210 /* photodata.bin */; };
		F7A726EB1FE79E2D00F54210 /* CGTableViewDataSource.m in Sources */ = {isa = PBXBuildFile; fileRef = F7A726EA1FE79E2D00F54210 /* CGTableViewDataSource.m */; };
		F7A726EF1FE7A66400F54210 /* CGPhotoCell.m in Sources */ = {isa = PBXBuildFile; fileRef = F7A726EE1FE7A66400F54210 /* CGPhotoCell.m */; };
		F7A726F21FE7A87900F54210 /* CGPhotoCell+ConfigForPhoto.m in Sources */ = {isa = PBXBuildFile; fileRef = F7A726F11FE7A87900F54210 /* CGPhotoCell+ConfigForPhoto.m */; };
/* End PBXBuildFile section */

/* Begin PBXContainerItemProxy section */
		F7A726BA1FE75B8600F54210 /* PBXContainerItemProxy */ = {
			isa = PBXContainerItemProxy;
			containerPortal = F7A726991FE75B8600F54210 /* Project object */;
			proxyType = 1;
			remoteGlobalIDString = F7A726A01FE75B8600F54210;
			remoteInfo = "1_轻量级 ViewController";
		};
		F7A726C51FE75B8600F54210 /* PBXContainerItemProxy */ = {
			isa = PBXContainerItemProxy;
			containerPortal = F7A726991FE75B8600F54210 /* Project object */;
			proxyType = 1;
			remoteGlobalIDString = F7A726A01FE75B8600F54210;
			remoteInfo = "1_轻量级 ViewController";
		};
/* End PBXContainerItemProxy section */

/* Begin PBXFileReference section */
		F7A726A11FE75B8600F54210 /* 1_轻量级 ViewController.app */ = {isa = PBXFileReference; explicitFileType = wrapper.application; includeInIndex = 0; path = "1_轻量级 ViewController.app"; sourceTree = BUILT_PRODUCTS_DIR; };
		F7A726A41FE75B8600F54210 /* AppDelegate.h */ = {isa = PBXFileReference; lastKnownFileType = sourcecode.c.h; path = AppDelegate.h; sourceTree = "<group>"; };
		F7A726A51FE75B8600F54210 /* AppDelegate.m */ = {isa = PBXFileReference; lastKnownFileType = sourcecode.c.objc; path = AppDelegate.m; sourceTree = "<group>"; };
		F7A726A71FE75B8600F54210 /* ViewController.h */ = {isa = PBXFileReference; lastKnownFileType = sourcecode.c.h; path = ViewController.h; sourceTree = "<group>"; };
		F7A726A81FE75B8600F54210 /* ViewController.m */ = {isa = PBXFileReference; lastKnownFileType = sourcecode.c.objc; path = ViewController.m; sourceTree = "<group>"; };
		F7A726AB1FE75B8600F54210 /* Base */ = {isa = PBXFileReference; lastKnownFileType = file.storyboard; name = Base; path = Base.lproj/Main.storyboard; sourceTree = "<group>"; };
		F7A726AD1FE75B8600F54210 /* Assets.xcassets */ = {isa = PBXFileReference; lastKnownFileType = folder.assetcatalog; path = Assets.xcassets; sourceTree = "<group>"; };
		F7A726B01FE75B8600F54210 /* Base */ = {isa = PBXFileReference; lastKnownFileType = file.storyboard; name = Base; path = Base.lproj/LaunchScreen.storyboard; sourceTree = "<group>"; };
		F7A726B21FE75B8600F54210 /* Info.plist */ = {isa = PBXFileReference; lastKnownFileType = text.plist.xml; path = Info.plist; sourceTree = "<group>"; };
		F7A726B31FE75B8600F54210 /* main.m */ = {isa = PBXFileReference; lastKnownFileType = sourcecode.c.objc; path = main.m; sourceTree = "<group>"; };
		F7A726B91FE75B8600F54210 /* 1_轻量级 ViewControllerTests.xctest */ = {isa = PBXFileReference; explicitFileType = wrapper.cfbundle; includeInIndex = 0; path = "1_轻量级 ViewControllerTests.xctest"; sourceTree = BUILT_PRODUCTS_DIR; };
		F7A726BD1FE75B8600F54210 /* ______ViewControllerTests.m */ = {isa = PBXFileReference; lastKnownFileType = sourcecode.c.objc; path = "______ViewControllerTests.m"; sourceTree = "<group>"; };
		F7A726BF1FE75B8600F54210 /* Info.plist */ = {isa = PBXFileReference; lastKnownFileType = text.plist.xml; path = Info.plist; sourceTree = "<group>"; };
		F7A726C41FE75B8600F54210 /* 1_轻量级 ViewControllerUITests.xctest */ = {isa = PBXFileReference; explicitFileType = wrapper.cfbundle; includeInIndex = 0; path = "1_轻量级 ViewControllerUITests.xctest"; sourceTree = BUILT_PRODUCTS_DIR; };
		F7A726C81FE75B8600F54210 /* ______ViewControllerUITests.m */ = {isa = PBXFileReference; lastKnownFileType = sourcecode.c.objc; path = "______ViewControllerUITests.m"; sourceTree = "<group>"; };
		F7A726CA1FE75B8600F54210 /* Info.plist */ = {isa = PBXFileReference; lastKnownFileType = text.plist.xml; path = Info.plist; sourceTree = "<group>"; };
		F7A726D81FE75CC700F54210 /* User.h */ = {isa = PBXFileReference; lastKnownFileType = sourcecode.c.h; path = User.h; sourceTree = "<group>"; };
		F7A726D91FE75CC700F54210 /* User.m */ = {isa = PBXFileReference; lastKnownFileType = sourcecode.c.objc; path = User.m; sourceTree = "<group>"; };
		F7A726DB1FE764F700F54210 /* Photo.h */ = {isa = PBXFileReference; lastKnownFileType = sourcecode.c.h; path = Photo.h; sourceTree = "<group>"; };
		F7A726DC1FE764F700F54210 /* Photo.m */ = {isa = PBXFileReference; lastKnownFileType = sourcecode.c.objc; path = Photo.m; sourceTree = "<group>"; };
		F7A726DE1FE7694000F54210 /* CGStore.h */ = {isa = PBXFileReference; lastKnownFileType = sourcecode.c.h; path = CGStore.h; sourceTree = "<group>"; };
		F7A726DF1FE7694000F54210 /* CGStore.m */ = {isa = PBXFileReference; lastKnownFileType = sourcecode.c.objc; path = CGStore.m; sourceTree = "<group>"; };
		F7A726E11FE76A8B00F54210 /* photodata.bin */ = {isa = PBXFileReference; lastKnownFileType = archive.macbinary; path = photodata.bin; sourceTree = "<group>"; };
		F7A726E41FE774F400F54210 /* Foundation.framework */ = {isa = PBXFileReference; lastKnownFileType = wrapper.framework; name = Foundation.framework; path = System/Library/Frameworks/Foundation.framework; sourceTree = SDKROOT; };
		F7A726E51FE7750300F54210 /* UIKit.framework */ = {isa = PBXFileReference; lastKnownFileType = wrapper.framework; name = UIKit.framework; path = System/Library/Frameworks/UIKit.framework; sourceTree = SDKROOT; };
		F7A726E61FE7750C00F54210 /* CoreGraphics.framework */ = {isa = PBXFileReference; lastKnownFileType = wrapper.framework; name = CoreGraphics.framework; path = System/Library/Frameworks/CoreGraphics.framework; sourceTree = SDKROOT; };
		F7A726E71FE7751500F54210 /* QuartzCore.framework */ = {isa = PBXFileReference; lastKnownFileType = wrapper.framework; name = QuartzCore.framework; path = System/Library/Frameworks/QuartzCore.framework; sourceTree = SDKROOT; };
		F7A726E91FE79E2D00F54210 /* CGTableViewDataSource.h */ = {isa = PBXFileReference; lastKnownFileType = sourcecode.c.h; path = CGTableViewDataSource.h; sourceTree = "<group>"; };
		F7A726EA1FE79E2D00F54210 /* CGTableViewDataSource.m */ = {isa = PBXFileReference; lastKnownFileType = sourcecode.c.objc; path = CGTableViewDataSource.m; sourceTree = "<group>"; };
		F7A726ED1FE7A66400F54210 /* CGPhotoCell.h */ = {isa = PBXFileReference; lastKnownFileType = sourcecode.c.h; path = CGPhotoCell.h; sourceTree = "<group>"; };
		F7A726EE1FE7A66400F54210 /* CGPhotoCell.m */ = {isa = PBXFileReference; lastKnownFileType = sourcecode.c.objc; path = CGPhotoCell.m; sourceTree = "<group>"; };
		F7A726F01FE7A87900F54210 /* CGPhotoCell+ConfigForPhoto.h */ = {isa = PBXFileReference; lastKnownFileType = sourcecode.c.h; path = "CGPhotoCell+ConfigForPhoto.h"; sourceTree = "<group>"; };
		F7A726F11FE7A87900F54210 /* CGPhotoCell+ConfigForPhoto.m */ = {isa = PBXFileReference; lastKnownFileType = sourcecode.c.objc; path = "CGPhotoCell+ConfigForPhoto.m"; sourceTree = "<group>"; };
/* End PBXFileReference section */

/* Begin PBXFrameworksBuildPhase section */
		F7A7269E1FE75B8600F54210 /* Frameworks */ = {
			isa = PBXFrameworksBuildPhase;
			buildActionMask = 2147483647;
			files = (
			);
			runOnlyForDeploymentPostprocessing = 0;
		};
		F7A726B61FE75B8600F54210 /* Frameworks */ = {
			isa = PBXFrameworksBuildPhase;
			buildActionMask = 2147483647;
			files = (
			);
			runOnlyForDeploymentPostprocessing = 0;
		};
		F7A726C11FE75B8600F54210 /* Frameworks */ = {
			isa = PBXFrameworksBuildPhase;
			buildActionMask = 2147483647;
			files = (
			);
			runOnlyForDeploymentPostprocessing = 0;
		};
/* End PBXFrameworksBuildPhase section */

/* Begin PBXGroup section */
		F7A726981FE75B8600F54210 = {
			isa = PBXGroup;
			children = (
				F7A726A31FE75B8600F54210 /* 1_轻量级 ViewController */,
				F7A726BC1FE75B8600F54210 /* 1_轻量级 ViewControllerTests */,
				F7A726C71FE75B8600F54210 /* 1_轻量级 ViewControllerUITests */,
				F7A726A21FE75B8600F54210 /* Products */,
				F7A726E31FE774F400F54210 /* Frameworks */,
			);
			sourceTree = "<group>";
		};
		F7A726A21FE75B8600F54210 /* Products */ = {
			isa = PBXGroup;
			children = (
				F7A726A11FE75B8600F54210 /* 1_轻量级 ViewController.app */,
				F7A726B91FE75B8600F54210 /* 1_轻量级 ViewControllerTests.xctest */,
				F7A726C41FE75B8600F54210 /* 1_轻量级 ViewControllerUITests.xctest */,
			);
			name = Products;
			sourceTree = "<group>";
		};
		F7A726A31FE75B8600F54210 /* 1_轻量级 ViewController */ = {
			isa = PBXGroup;
			children = (
				F7A726E81FE79E0C00F54210 /* UITableViewDataSource */,
				F7A726D71FE75CB400F54210 /* Model */,
				F7A726EC1FE7A61E00F54210 /* View */,
				F7A726A41FE75B8600F54210 /* AppDelegate.h */,
				F7A726A51FE75B8600F54210 /* AppDelegate.m */,
				F7A726A71FE75B8600F54210 /* ViewController.h */,
				F7A726A81FE75B8600F54210 /* ViewController.m */,
				F7A726AA1FE75B8600F54210 /* Main.storyboard */,
				F7A726AD1FE75B8600F54210 /* Assets.xcassets */,
				F7A726AF1FE75B8600F54210 /* LaunchScreen.storyboard */,
				F7A726B21FE75B8600F54210 /* Info.plist */,
				F7A726B31FE75B8600F54210 /* main.m */,
			);
			path = "1_轻量级 ViewController";
			sourceTree = "<group>";
		};
		F7A726BC1FE75B8600F54210 /* 1_轻量级 ViewControllerTests */ = {
			isa = PBXGroup;
			children = (
				F7A726BD1FE75B8600F54210 /* ______ViewControllerTests.m */,
				F7A726BF1FE75B8600F54210 /* Info.plist */,
			);
			path = "1_轻量级 ViewControllerTests";
			sourceTree = "<group>";
		};
		F7A726C71FE75B8600F54210 /* 1_轻量级 ViewControllerUITests */ = {
			isa = PBXGroup;
			children = (
				F7A726C81FE75B8600F54210 /* ______ViewControllerUITests.m */,
				F7A726CA1FE75B8600F54210 /* Info.plist */,
			);
			path = "1_轻量级 ViewControllerUITests";
			sourceTree = "<group>";
		};
		F7A726D71FE75CB400F54210 /* Model */ = {
			isa = PBXGroup;
			children = (
				F7A726E11FE76A8B00F54210 /* photodata.bin */,
				F7A726D81FE75CC700F54210 /* User.h */,
				F7A726D91FE75CC700F54210 /* User.m */,
				F7A726DB1FE764F700F54210 /* Photo.h */,
				F7A726DC1FE764F700F54210 /* Photo.m */,
				F7A726DE1FE7694000F54210 /* CGStore.h */,
				F7A726DF1FE7694000F54210 /* CGStore.m */,
			);
			path = Model;
			sourceTree = "<group>";
		};
		F7A726E31FE774F400F54210 /* Frameworks */ = {
			isa = PBXGroup;
			children = (
				F7A726E71FE7751500F54210 /* QuartzCore.framework */,
				F7A726E61FE7750C00F54210 /* CoreGraphics.framework */,
				F7A726E51FE7750300F54210 /* UIKit.framework */,
				F7A726E41FE774F400F54210 /* Foundation.framework */,
			);
			name = Frameworks;
			sourceTree = "<group>";
		};
		F7A726E81FE79E0C00F54210 /* UITableViewDataSource */ = {
			isa = PBXGroup;
			children = (
				F7A726E91FE79E2D00F54210 /* CGTableViewDataSource.h */,
				F7A726EA1FE79E2D00F54210 /* CGTableViewDataSource.m */,
			);
			path = UITableViewDataSource;
			sourceTree = "<group>";
		};
		F7A726EC1FE7A61E00F54210 /* View */ = {
			isa = PBXGroup;
			children = (
				F7A726ED1FE7A66400F54210 /* CGPhotoCell.h */,
				F7A726EE1FE7A66400F54210 /* CGPhotoCell.m */,
				F7A726F01FE7A87900F54210 /* CGPhotoCell+ConfigForPhoto.h */,
				F7A726F11FE7A87900F54210 /* CGPhotoCell+ConfigForPhoto.m */,
			);
			path = View;
			sourceTree = "<group>";
		};
/* End PBXGroup section */

/* Begin PBXNativeTarget section */
		F7A726A01FE75B8600F54210 /* 1_轻量级 ViewController */ = {
			isa = PBXNativeTarget;
			buildConfigurationList = F7A726CD1FE75B8600F54210 /* Build configuration list for PBXNativeTarget "1_轻量级 ViewController" */;
			buildPhases = (
				F7A7269D1FE75B8600F54210 /* Sources */,
				F7A7269E1FE75B8600F54210 /* Frameworks */,
				F7A7269F1FE75B8600F54210 /* Resources */,
			);
			buildRules = (
			);
			dependencies = (
			);
			name = "1_轻量级 ViewController";
			productName = "1_轻量级 ViewController";
			productReference = F7A726A11FE75B8600F54210 /* 1_轻量级 ViewController.app */;
			productType = "com.apple.product-type.application";
		};
		F7A726B81FE75B8600F54210 /* 1_轻量级 ViewControllerTests */ = {
			isa = PBXNativeTarget;
			buildConfigurationList = F7A726D01FE75B8600F54210 /* Build configuration list for PBXNativeTarget "1_轻量级 ViewControllerTests" */;
			buildPhases = (
				F7A726B51FE75B8600F54210 /* Sources */,
				F7A726B61FE75B8600F54210 /* Frameworks */,
				F7A726B71FE75B8600F54210 /* Resources */,
			);
			buildRules = (
			);
			dependencies = (
				F7A726BB1FE75B8600F54210 /* PBXTargetDependency */,
			);
			name = "1_轻量级 ViewControllerTests";
			productName = "1_轻量级 ViewControllerTests";
			productReference = F7A726B91FE75B8600F54210 /* 1_轻量级 ViewControllerTests.xctest */;
			productType = "com.apple.product-type.bundle.unit-test";
		};
		F7A726C31FE75B8600F54210 /* 1_轻量级 ViewControllerUITests */ = {
			isa = PBXNativeTarget;
			buildConfigurationList = F7A726D31FE75B8600F54210 /* Build configuration list for PBXNativeTarget "1_轻量级 ViewControllerUITests" */;
			buildPhases = (
				F7A726C01FE75B8600F54210 /* Sources */,
				F7A726C11FE75B8600F54210 /* Frameworks */,
				F7A726C21FE75B8600F54210 /* Resources */,
			);
			buildRules = (
			);
			dependencies = (
				F7A726C61FE75B8600F54210 /* PBXTargetDependency */,
			);
			name = "1_轻量级 ViewControllerUITests";
			productName = "1_轻量级 ViewControllerUITests";
			productReference = F7A726C41FE75B8600F54210 /* 1_轻量级 ViewControllerUITests.xctest */;
			productType = "com.apple.product-type.bundle.ui-testing";
		};
/* End PBXNativeTarget section */

/* Begin PBXProject section */
		F7A726991FE75B8600F54210 /* Project object */ = {
			isa = PBXProject;
			attributes = {
				LastUpgradeCheck = 0900;
				ORGANIZATIONNAME = " NorthCity";
				TargetAttributes = {
					F7A726A01FE75B8600F54210 = {
						CreatedOnToolsVersion = 9.0.1;
						ProvisioningStyle = Manual;
					};
					F7A726B81FE75B8600F54210 = {
						CreatedOnToolsVersion = 9.0.1;
						ProvisioningStyle = Automatic;
						TestTargetID = F7A726A01FE75B8600F54210;
					};
					F7A726C31FE75B8600F54210 = {
						CreatedOnToolsVersion = 9.0.1;
						ProvisioningStyle = Automatic;
						TestTargetID = F7A726A01FE75B8600F54210;
					};
				};
			};
			buildConfigurationList = F7A7269C1FE75B8600F54210 /* Build configuration list for PBXProject "1_轻量级 ViewController" */;
			compatibilityVersion = "Xcode 8.0";
			developmentRegion = en;
			hasScannedForEncodings = 0;
			knownRegions = (
				en,
				Base,
			);
			mainGroup = F7A726981FE75B8600F54210;
			productRefGroup = F7A726A21FE75B8600F54210 /* Products */;
			projectDirPath = "";
			projectRoot = "";
			targets = (
				F7A726A01FE75B8600F54210 /* 1_轻量级 ViewController */,
				F7A726B81FE75B8600F54210 /* 1_轻量级 ViewControllerTests */,
				F7A726C31FE75B8600F54210 /* 1_轻量级 ViewControllerUITests */,
			);
		};
/* End PBXProject section */

/* Begin PBXResourcesBuildPhase section */
		F7A7269F1FE75B8600F54210 /* Resources */ = {
			isa = PBXResourcesBuildPhase;
			buildActionMask = 2147483647;
			files = (
				F7A726E21FE76A8C00F54210 /* photodata.bin in Resources */,
				F7A726B11FE75B8600F54210 /* LaunchScreen.storyboard in Resources */,
				F7A726AE1FE75B8600F54210 /* Assets.xcassets in Resources */,
				F7A726AC1FE75B8600F54210 /* Main.storyboard in Resources */,
			);
			runOnlyForDeploymentPostprocessing = 0;
		};
		F7A726B71FE75B8600F54210 /* Resources */ = {
			isa = PBXResourcesBuildPhase;
			buildActionMask = 2147483647;
			files = (
			);
			runOnlyForDeploymentPostprocessing = 0;
		};
		F7A726C21FE75B8600F54210 /* Resources */ = {
			isa = PBXResourcesBuildPhase;
			buildActionMask = 2147483647;
			files = (
			);
			runOnlyForDeploymentPostprocessing = 0;
		};
/* End PBXResourcesBuildPhase section */

/* Begin PBXSourcesBuildPhase section */
		F7A7269D1FE75B8600F54210 /* Sources */ = {
			isa = PBXSourcesBuildPhase;
			buildActionMask = 2147483647;
			files = (
				F7A726F21FE7A87900F54210 /* CGPhotoCell+ConfigForPhoto.m in Sources */,
				F7A726DA1FE75CC700F54210 /* User.m in Sources */,
				F7A726A91FE75B8600F54210 /* ViewController.m in Sources */,
				F7A726B41FE75B8600F54210 /* main.m in Sources */,
				F7A726DD1FE764F700F54210 /* Photo.m in Sources */,
				F7A726EF1FE7A66400F54210 /* CGPhotoCell.m in Sources */,
				F7A726A61FE75B8600F54210 /* AppDelegate.m in Sources */,
				F7A726EB1FE79E2D00F54210 /* CGTableViewDataSource.m in Sources */,
				F7A726E01FE7694000F54210 /* CGStore.m in Sources */,
			);
			runOnlyForDeploymentPostprocessing = 0;
		};
		F7A726B51FE75B8600F54210 /* Sources */ = {
			isa = PBXSourcesBuildPhase;
			buildActionMask = 2147483647;
			files = (
				F7A726BE1FE75B8600F54210 /* ______ViewControllerTests.m in Sources */,
			);
			runOnlyForDeploymentPostprocessing = 0;
		};
		F7A726C01FE75B8600F54210 /* Sources */ = {
			isa = PBXSourcesBuildPhase;
			buildActionMask = 2147483647;
			files = (
				F7A726C91FE75B8600F54210 /* ______ViewControllerUITests.m in Sources */,
			);
			runOnlyForDeploymentPostprocessing = 0;
		};
/* End PBXSourcesBuildPhase section */

/* Begin PBXTargetDependency section */
		F7A726BB1FE75B8600F54210 /* PBXTargetDependency */ = {
			isa = PBXTargetDependency;
			target = F7A726A01FE75B8600F54210 /* 1_轻量级 ViewController */;
			targetProxy = F7A726BA1FE75B8600F54210 /* PBXContainerItemProxy */;
		};
		F7A726C61FE75B8600F54210 /* PBXTargetDependency */ = {
			isa = PBXTargetDependency;
			target = F7A726A01FE75B8600F54210 /* 1_轻量级 ViewController */;
			targetProxy = F7A726C51FE75B8600F54210 /* PBXContainerItemProxy */;
		};
/* End PBXTargetDependency section */

/* Begin PBXVariantGroup section */
		F7A726AA1FE75B8600F54210 /* Main.storyboard */ = {
			isa = PBXVariantGroup;
			children = (
				F7A726AB1FE75B8600F54210 /* Base */,
			);
			name = Main.storyboard;
			sourceTree = "<group>";
		};
		F7A726AF1FE75B8600F54210 /* LaunchScreen.storyboard */ = {
			isa = PBXVariantGroup;
			children = (
				F7A726B01FE75B8600F54210 /* Base */,
			);
			name = LaunchScreen.storyboard;
			sourceTree = "<group>";
		};
/* End PBXVariantGroup section */

/* Begin XCBuildConfiguration section */
		F7A726CB1FE75B8600F54210 /* Debug */ = {
			isa = XCBuildConfiguration;
			buildSettings = {
				ALWAYS_SEARCH_USER_PATHS = NO;
				CLANG_ANALYZER_NONNULL = YES;
				CLANG_ANALYZER_NUMBER_OBJECT_CONVERSION = YES_AGGRESSIVE;
				CLANG_CXX_LANGUAGE_STANDARD = "gnu++14";
				CLANG_CXX_LIBRARY = "libc++";
				CLANG_ENABLE_MODULES = YES;
				CLANG_ENABLE_OBJC_ARC = YES;
				CLANG_WARN_BLOCK_CAPTURE_AUTORELEASING = YES;
				CLANG_WARN_BOOL_CONVERSION = YES;
				CLANG_WARN_COMMA = YES;
				CLANG_WARN_CONSTANT_CONVERSION = YES;
				CLANG_WARN_DIRECT_OBJC_ISA_USAGE = YES_ERROR;
				CLANG_WARN_DOCUMENTATION_COMMENTS = YES;
				CLANG_WARN_EMPTY_BODY = YES;
				CLANG_WARN_ENUM_CONVERSION = YES;
				CLANG_WARN_INFINITE_RECURSION = YES;
				CLANG_WARN_INT_CONVERSION = YES;
				CLANG_WARN_NON_LITERAL_NULL_CONVERSION = YES;
				CLANG_WARN_OBJC_LITERAL_CONVERSION = YES;
				CLANG_WARN_OBJC_ROOT_CLASS = YES_ERROR;
				CLANG_WARN_RANGE_LOOP_ANALYSIS = YES;
				CLANG_WARN_STRICT_PROTOTYPES = YES;
				CLANG_WARN_SUSPICIOUS_MOVE = YES;
				CLANG_WARN_UNGUARDED_AVAILABILITY = YES_AGGRESSIVE;
				CLANG_WARN_UNREACHABLE_CODE = YES;
				CLANG_WARN__DUPLICATE_METHOD_MATCH = YES;
				CODE_SIGN_IDENTITY = "iPhone Developer";
				COPY_PHASE_STRIP = NO;
				DEBUG_INFORMATION_FORMAT = dwarf;
				ENABLE_STRICT_OBJC_MSGSEND = YES;
				ENABLE_TESTABILITY = YES;
				GCC_C_LANGUAGE_STANDARD = gnu11;
				GCC_DYNAMIC_NO_PIC = NO;
				GCC_NO_COMMON_BLOCKS = YES;
				GCC_OPTIMIZATION_LEVEL = 0;
				GCC_PREPROCESSOR_DEFINITIONS = (
					"DEBUG=1",
					"$(inherited)",
				);
				GCC_WARN_64_TO_32_BIT_CONVERSION = YES;
				GCC_WARN_ABOUT_RETURN_TYPE = YES_ERROR;
				GCC_WARN_UNDECLARED_SELECTOR = YES;
				GCC_WARN_UNINITIALIZED_AUTOS = YES_AGGRESSIVE;
				GCC_WARN_UNUSED_FUNCTION = YES;
				GCC_WARN_UNUSED_VARIABLE = YES;
				IPHONEOS_DEPLOYMENT_TARGET = 11.0;
				MTL_ENABLE_DEBUG_INFO = YES;
				ONLY_ACTIVE_ARCH = YES;
				SDKROOT = iphoneos;
			};
			name = Debug;
		};
		F7A726CC1FE75B8600F54210 /* Release */ = {
			isa = XCBuildConfiguration;
			buildSettings = {
				ALWAYS_SEARCH_USER_PATHS = NO;
				CLANG_ANALYZER_NONNULL = YES;
				CLANG_ANALYZER_NUMBER_OBJECT_CONVERSION = YES_AGGRESSIVE;
				CLANG_CXX_LANGUAGE_STANDARD = "gnu++14";
				CLANG_CXX_LIBRARY = "libc++";
				CLANG_ENABLE_MODULES = YES;
				CLANG_ENABLE_OBJC_ARC = YES;
				CLANG_WARN_BLOCK_CAPTURE_AUTORELEASING = YES;
				CLANG_WARN_BOOL_CONVERSION = YES;
				CLANG_WARN_COMMA = YES;
				CLANG_WARN_CONSTANT_CONVERSION = YES;
				CLANG_WARN_DIRECT_OBJC_ISA_USAGE = YES_ERROR;
				CLANG_WARN_DOCUMENTATION_COMMENTS = YES;
				CLANG_WARN_EMPTY_BODY = YES;
				CLANG_WARN_ENUM_CONVERSION = YES;
				CLANG_WARN_INFINITE_RECURSION = YES;
				CLANG_WARN_INT_CONVERSION = YES;
				CLANG_WARN_NON_LITERAL_NULL_CONVERSION = YES;
				CLANG_WARN_OBJC_LITERAL_CONVERSION = YES;
				CLANG_WARN_OBJC_ROOT_CLASS = YES_ERROR;
				CLANG_WARN_RANGE_LOOP_ANALYSIS = YES;
				CLANG_WARN_STRICT_PROTOTYPES = YES;
				CLANG_WARN_SUSPICIOUS_MOVE = YES;
				CLANG_WARN_UNGUARDED_AVAILABILITY = YES_AGGRESSIVE;
				CLANG_WARN_UNREACHABLE_CODE = YES;
				CLANG_WARN__DUPLICATE_METHOD_MATCH = YES;
				CODE_SIGN_IDENTITY = "iPhone Developer";
				COPY_PHASE_STRIP = NO;
				DEBUG_INFORMATION_FORMAT = "dwarf-with-dsym";
				ENABLE_NS_ASSERTIONS = NO;
				ENABLE_STRICT_OBJC_MSGSEND = YES;
				GCC_C_LANGUAGE_STANDARD = gnu11;
				GCC_NO_COMMON_BLOCKS = YES;
				GCC_WARN_64_TO_32_BIT_CONVERSION = YES;
				GCC_WARN_ABOUT_RETURN_TYPE = YES_ERROR;
				GCC_WARN_UNDECLARED_SELECTOR = YES;
				GCC_WARN_UNINITIALIZED_AUTOS = YES_AGGRESSIVE;
				GCC_WARN_UNUSED_FUNCTION = YES;
				GCC_WARN_UNUSED_VARIABLE = YES;
				IPHONEOS_DEPLOYMENT_TARGET = 11.0;
				MTL_ENABLE_DEBUG_INFO = NO;
				SDKROOT = iphoneos;
				VALIDATE_PRODUCT = YES;
			};
			name = Release;
		};
		F7A726CE1FE75B8600F54210 /* Debug */ = {
			isa = XCBuildConfiguration;
			buildSettings = {
				ASSETCATALOG_COMPILER_APPICON_NAME = AppIcon;
				CODE_SIGN_STYLE = Manual;
				DEVELOPMENT_TEAM = "";
				INFOPLIST_FILE = "1_轻量级 ViewController/Info.plist";
				LD_RUNPATH_SEARCH_PATHS = "$(inherited) @executable_path/Frameworks";
				PRODUCT_BUNDLE_IDENTIFIER = "com.ruojicode.------ViewController";
				PRODUCT_NAME = "$(TARGET_NAME)";
				PROVISIONING_PROFILE_SPECIFIER = "";
				TARGETED_DEVICE_FAMILY = "1,2";
			};
			name = Debug;
		};
		F7A726CF1FE75B8600F54210 /* Release */ = {
			isa = XCBuildConfiguration;
			buildSettings = {
				ASSETCATALOG_COMPILER_APPICON_NAME = AppIcon;
				CODE_SIGN_STYLE = Manual;
				DEVELOPMENT_TEAM = "";
				INFOPLIST_FILE = "1_轻量级 ViewController/Info.plist";
				LD_RUNPATH_SEARCH_PATHS = "$(inherited) @executable_path/Frameworks";
				PRODUCT_BUNDLE_IDENTIFIER = "com.ruojicode.------ViewController";
				PRODUCT_NAME = "$(TARGET_NAME)";
				PROVISIONING_PROFILE_SPECIFIER = "";
				TARGETED_DEVICE_FAMILY = "1,2";
			};
			name = Release;
		};
		F7A726D11FE75B8600F54210 /* Debug */ = {
			isa = XCBuildConfiguration;
			buildSettings = {
				BUNDLE_LOADER = "$(TEST_HOST)";
				CODE_SIGN_STYLE = Automatic;
				DEVELOPMENT_TEAM = R82YP5SMSQ;
				INFOPLIST_FILE = "1_轻量级 ViewControllerTests/Info.plist";
				LD_RUNPATH_SEARCH_PATHS = "$(inherited) @executable_path/Frameworks @loader_path/Frameworks";
				PRODUCT_BUNDLE_IDENTIFIER = "com.ruojicode.------ViewControllerTests";
				PRODUCT_NAME = "$(TARGET_NAME)";
				TARGETED_DEVICE_FAMILY = "1,2";
				TEST_HOST = "$(BUILT_PRODUCTS_DIR)/1_轻量级 ViewController.app/1_轻量级 ViewController";
			};
			name = Debug;
		};
		F7A726D21FE75B8600F54210 /* Release */ = {
			isa = XCBuildConfiguration;
			buildSettings = {
				BUNDLE_LOADER = "$(TEST_HOST)";
				CODE_SIGN_STYLE = Automatic;
				DEVELOPMENT_TEAM = R82YP5SMSQ;
				INFOPLIST_FILE = "1_轻量级 ViewControllerTests/Info.plist";
				LD_RUNPATH_SEARCH_PATHS = "$(inherited) @executable_path/Frameworks @loader_path/Frameworks";
				PRODUCT_BUNDLE_IDENTIFIER = "com.ruojicode.------ViewControllerTests";
				PRODUCT_NAME = "$(TARGET_NAME)";
				TARGETED_DEVICE_FAMILY = "1,2";
				TEST_HOST = "$(BUILT_PRODUCTS_DIR)/1_轻量级 ViewController.app/1_轻量级 ViewController";
			};
			name = Release;
		};
		F7A726D41FE75B8600F54210 /* Debug */ = {
			isa = XCBuildConfiguration;
			buildSettings = {
				CODE_SIGN_STYLE = Automatic;
				DEVELOPMENT_TEAM = R82YP5SMSQ;
				INFOPLIST_FILE = "1_轻量级 ViewControllerUITests/Info.plist";
				LD_RUNPATH_SEARCH_PATHS = "$(inherited) @executable_path/Frameworks @loader_path/Frameworks";
				PRODUCT_BUNDLE_IDENTIFIER = "com.ruojicode.------ViewControllerUITests";
				PRODUCT_NAME = "$(TARGET_NAME)";
				TARGETED_DEVICE_FAMILY = "1,2";
				TEST_TARGET_NAME = "1_轻量级 ViewController";
			};
			name = Debug;
		};
		F7A726D51FE75B8600F54210 /* Release */ = {
			isa = XCBuildConfiguration;
			buildSettings = {
				CODE_SIGN_STYLE = Automatic;
				DEVELOPMENT_TEAM = R82YP5SMSQ;
				INFOPLIST_FILE = "1_轻量级 ViewControllerUITests/Info.plist";
				LD_RUNPATH_SEARCH_PATHS = "$(inherited) @executable_path/Frameworks @loader_path/Frameworks";
				PRODUCT_BUNDLE_IDENTIFIER = "com.ruojicode.------ViewControllerUITests";
				PRODUCT_NAME = "$(TARGET_NAME)";
				TARGETED_DEVICE_FAMILY = "1,2";
				TEST_TARGET_NAME = "1_轻量级 ViewController";
			};
			name = Release;
		};
/* End XCBuildConfiguration section */

/* Begin XCConfigurationList section */
		F7A7269C1FE75B8600F54210 /* Build configuration list for PBXProject "1_轻量级 ViewController" */ = {
			isa = XCConfigurationList;
			buildConfigurations = (
				F7A726CB1FE75B8600F54210 /* Debug */,
				F7A726CC1FE75B8600F54210 /* Release */,
			);
			defaultConfigurationIsVisible = 0;
			defaultConfigurationName = Release;
		};
		F7A726CD1FE75B8600F54210 /* Build configuration list for PBXNativeTarget "1_轻量级 ViewController" */ = {
			isa = XCConfigurationList;
			buildConfigurations = (
				F7A726CE1FE75B8600F54210 /* Debug */,
				F7A726CF1FE75B8600F54210 /* Release */,
			);
			defaultConfigurationIsVisible = 0;
			defaultConfigurationName = Release;
		};
		F7A726D01FE75B8600F54210 /* Build configuration list for PBXNativeTarget "1_轻量级 ViewControllerTests" */ = {
			isa = XCConfigurationList;
			buildConfigurations = (
				F7A726D11FE75B8600F54210 /* Debug */,
				F7A726D21FE75B8600F54210 /* Release */,
			);
			defaultConfigurationIsVisible = 0;
			defaultConfigurationName = Release;
		};
		F7A726D31FE75B8600F54210 /* Build configuration list for PBXNativeTarget "1_轻量级 ViewControllerUITests" */ = {
			isa = XCConfigurationList;
			buildConfigurations = (
				F7A726D41FE75B8600F54210 /* Debug */,
				F7A726D51FE75B8600F54210 /* Release */,
			);
			defaultConfigurationIsVisible = 0;
			defaultConfigurationName = Release;
		};
/* End XCConfigurationList section */
	};
	rootObject = F7A726991FE75B8600F54210 /* Project object */;
}
